
Microsoft Visual Studio Solution File, Format Version 12.00
# Visual Studio 15
VisualStudioVersion = 15.0.26403.3
MinimumVisualStudioVersion = 10.0.40219.1
Project("{FAE04EC0-301F-11D3-BF4B-00C04F79EFBC}") = "MateralTools.Base", "MateralTools.Base\MateralTools.Base.csproj", "{283A70B6-C653-4886-82F1-D9174D1608B0}"
EndProject
Project("{FAE04EC0-301F-11D3-BF4B-00C04F79EFBC}") = "MateralTools.MEnum", "MateralTools.MEnum\MateralTools.MEnum.csproj", "{67DE6314-CEC1-4F83-88FB-41BBBFB9D3BD}"
EndProject
Project("{FAE04EC0-301F-11D3-BF4B-00C04F79EFBC}") = "Materal.WPFUI", "Materal.WPFUI\Materal.WPFUI.csproj", "{C853E7DD-ACE3-4EB2-A892-4E4847570783}"
EndProject
Project("{FAE04EC0-301F-11D3-BF4B-00C04F79EFBC}") = "MateralTools.MConvert", "MateralTools.MConvert\MateralTools.MConvert.csproj", "{6820DFB5-43AF-46F6-BA0E-0A018A1ABD6B}"
EndProject
Project("{FAE04EC0-301F-11D3-BF4B-00C04F79EFBC}") = "MateralTools.MEncryption", "MateralTools.MEncryption\MateralTools.MEncryption.csproj", "{28E4DE1F-D4CA-4035-9D94-6D3937678207}"
EndProject
Project("{FAE04EC0-301F-11D3-BF4B-00C04F79EFBC}") = "MateralTools.MVerify", "MateralTools.MVerify\MateralTools.MVerify.csproj", "{BD513FBF-6225-4193-8DD0-F194D098D0D2}"
EndProject
Project("{FAE04EC0-301F-11D3-BF4B-00C04F79EFBC}") = "MateralTools.MFormat", "MateralTools.MFormat\MateralTools.MFormat.csproj", "{A31F9444-2005-40C5-B161-395E2684A651}"
EndProject
Project("{FAE04EC0-301F-11D3-BF4B-00C04F79EFBC}") = "MateralTools.MMath", "MateralTools.MMath\MateralTools.MMath.csproj", "{318B8F9F-E19D-4991-97A1-DDCFDC0576BE}"
EndProject
Project("{FAE04EC0-301F-11D3-BF4B-00C04F79EFBC}") = "MateralTools.MHttpWeb", "MateralTools.MHttpWeb\MateralTools.MHttpWeb.csproj", "{0F3E3189-5442-4B98-A718-4C1F350E1E32}"
EndProject
Project("{FAE04EC0-301F-11D3-BF4B-00C04F79EFBC}") = "MateralTools.MDataBase", "MateralTools.MDataBase\MateralTools.MDataBase.csproj", "{0F653B55-2AFB-4070-BAAD-6BF2ABB0D1CE}"
EndProject
Project("{FAE04EC0-301F-11D3-BF4B-00C04F79EFBC}") = "MateralTools.MLog", "MateralTools.MLog\MateralTools.MLog.csproj", "{09413A1D-9C01-4087-B4F1-F33C9C28C0D2}"
EndProject
Project("{E24C65DC-7377-472B-9ABA-BC803B73C61A}") = "Materal.WebApp", "Materal.WebApp\", "{28D9FA53-18BF-47C9-B2DF-531B86511CA2}"
	ProjectSection(WebsiteProperties) = preProject
		TargetFrameworkMoniker = ".NETFramework,Version%3Dv4.0"
		Debug.AspNetCompiler.VirtualPath = "/localhost_55036"
		Debug.AspNetCompiler.PhysicalPath = "Materal.WebApp\"
		Debug.AspNetCompiler.TargetPath = "PrecompiledWeb\localhost_55036\"
		Debug.AspNetCompiler.Updateable = "true"
		Debug.AspNetCompiler.ForceOverwrite = "true"
		Debug.AspNetCompiler.FixedNames = "false"
		Debug.AspNetCompiler.Debug = "True"
		Release.AspNetCompiler.VirtualPath = "/localhost_55036"
		Release.AspNetCompiler.PhysicalPath = "Materal.WebApp\"
		Release.AspNetCompiler.TargetPath = "PrecompiledWeb\localhost_55036\"
		Release.AspNetCompiler.Updateable = "true"
		Release.AspNetCompiler.ForceOverwrite = "true"
		Release.AspNetCompiler.FixedNames = "false"
		Release.AspNetCompiler.Debug = "False"
		VWDPort = "55036"
		SlnRelativePath = "Materal.WebApp\"
	EndProjectSection
EndProject
Project("{E24C65DC-7377-472B-9ABA-BC803B73C61A}") = "Materal.WebPC", "Materal.WebPC\", "{40D3F4D5-8BE9-4917-9DBA-1950BA783BFD}"
	ProjectSection(WebsiteProperties) = preProject
		TargetFrameworkMoniker = ".NETFramework,Version%3Dv4.0"
		Debug.AspNetCompiler.VirtualPath = "/localhost_55039"
		Debug.AspNetCompiler.PhysicalPath = "Materal.WebPC\"
		Debug.AspNetCompiler.TargetPath = "PrecompiledWeb\localhost_55039\"
		Debug.AspNetCompiler.Updateable = "true"
		Debug.AspNetCompiler.ForceOverwrite = "true"
		Debug.AspNetCompiler.FixedNames = "false"
		Debug.AspNetCompiler.Debug = "True"
		Release.AspNetCompiler.VirtualPath = "/localhost_55039"
		Release.AspNetCompiler.PhysicalPath = "Materal.WebPC\"
		Release.AspNetCompiler.TargetPath = "PrecompiledWeb\localhost_55039\"
		Release.AspNetCompiler.Updateable = "true"
		Release.AspNetCompiler.ForceOverwrite = "true"
		Release.AspNetCompiler.FixedNames = "false"
		Release.AspNetCompiler.Debug = "False"
		VWDPort = "55039"
		SlnRelativePath = "Materal.WebPC\"
	EndProjectSection
EndProject
Project("{FAE04EC0-301F-11D3-BF4B-00C04F79EFBC}") = "Materal.WebAPI", "Materal.WebAPI\Materal.WebAPI.csproj", "{A66BB37D-2F71-404E-84A8-1E0FB1AD8493}"
EndProject
Project("{FAE04EC0-301F-11D3-BF4B-00C04F79EFBC}") = "MateralTools.MWebLib", "MateralTools.MWebLib\MateralTools.MWebLib.csproj", "{456042AD-1631-4A89-AE30-D9EC4AD794CD}"
EndProject
Project("{FAE04EC0-301F-11D3-BF4B-00C04F79EFBC}") = "MateralTools.MImage", "MateralTools.MImage\MateralTools.MImage.csproj", "{4850E1C0-5A3A-4020-B8B9-AB1EAA4A6E4E}"
EndProject
Project("{FAE04EC0-301F-11D3-BF4B-00C04F79EFBC}") = "MateralTools.MImageTests", "MateralTools.MImageTests\MateralTools.MImageTests.csproj", "{53E26EB3-B626-494B-A7C0-FC92EBFE0A6B}"
EndProject
Project("{FAE04EC0-301F-11D3-BF4B-00C04F79EFBC}") = "MateralTools.MDirtyWord", "MateralTools.MDirtyWord\MateralTools.MDirtyWord.csproj", "{A52D20B6-F47E-43CA-AE7B-1A4B818DA17D}"
EndProject
Project("{FAE04EC0-301F-11D3-BF4B-00C04F79EFBC}") = "MateralTools.MCache", "MateralTools.MCache\MateralTools.MCache.csproj", "{2280029C-AD42-41A1-A50A-88E76DD164EC}"
EndProject
Project("{FAE04EC0-301F-11D3-BF4B-00C04F79EFBC}") = "MateralTools.MKeyWord", "MateralTools.MKeyWord\MateralTools.MKeyWord.csproj", "{25F98660-33C9-4A81-8C13-B984BFC44267}"
EndProject
Project("{FAE04EC0-301F-11D3-BF4B-00C04F79EFBC}") = "MateralTools.MKeyWordTests", "MateralTools.MKeyWordTests\MateralTools.MKeyWordTests.csproj", "{88B0F491-327A-405E-8881-C5C35A07028B}"
EndProject
Global
	GlobalSection(SolutionConfigurationPlatforms) = preSolution
		Debug|Any CPU = Debug|Any CPU
		Release|Any CPU = Release|Any CPU
	EndGlobalSection
	GlobalSection(ProjectConfigurationPlatforms) = postSolution
		{283A70B6-C653-4886-82F1-D9174D1608B0}.Debug|Any CPU.ActiveCfg = Debug|Any CPU
		{283A70B6-C653-4886-82F1-D9174D1608B0}.Debug|Any CPU.Build.0 = Debug|Any CPU
		{283A70B6-C653-4886-82F1-D9174D1608B0}.Release|Any CPU.ActiveCfg = Release|Any CPU
		{283A70B6-C653-4886-82F1-D9174D1608B0}.Release|Any CPU.Build.0 = Release|Any CPU
		{67DE6314-CEC1-4F83-88FB-41BBBFB9D3BD}.Debug|Any CPU.ActiveCfg = Debug|Any CPU
		{67DE6314-CEC1-4F83-88FB-41BBBFB9D3BD}.Debug|Any CPU.Build.0 = Debug|Any CPU
		{67DE6314-CEC1-4F83-88FB-41BBBFB9D3BD}.Release|Any CPU.ActiveCfg = Release|Any CPU
		{67DE6314-CEC1-4F83-88FB-41BBBFB9D3BD}.Release|Any CPU.Build.0 = Release|Any CPU
		{C853E7DD-ACE3-4EB2-A892-4E4847570783}.Debug|Any CPU.ActiveCfg = Debug|Any CPU
		{C853E7DD-ACE3-4EB2-A892-4E4847570783}.Debug|Any CPU.Build.0 = Debug|Any CPU
		{C853E7DD-ACE3-4EB2-A892-4E4847570783}.Release|Any CPU.ActiveCfg = Release|Any CPU
		{C853E7DD-ACE3-4EB2-A892-4E4847570783}.Release|Any CPU.Build.0 = Release|Any CPU
		{6820DFB5-43AF-46F6-BA0E-0A018A1ABD6B}.Debug|Any CPU.ActiveCfg = Debug|Any CPU
		{6820DFB5-43AF-46F6-BA0E-0A018A1ABD6B}.Debug|Any CPU.Build.0 = Debug|Any CPU
		{6820DFB5-43AF-46F6-BA0E-0A018A1ABD6B}.Release|Any CPU.ActiveCfg = Release|Any CPU
		{6820DFB5-43AF-46F6-BA0E-0A018A1ABD6B}.Release|Any CPU.Build.0 = Release|Any CPU
		{28E4DE1F-D4CA-4035-9D94-6D3937678207}.Debug|Any CPU.ActiveCfg = Debug|Any CPU
		{28E4DE1F-D4CA-4035-9D94-6D3937678207}.Debug|Any CPU.Build.0 = Debug|Any CPU
		{28E4DE1F-D4CA-4035-9D94-6D3937678207}.Release|Any CPU.ActiveCfg = Release|Any CPU
		{28E4DE1F-D4CA-4035-9D94-6D3937678207}.Release|Any CPU.Build.0 = Release|Any CPU
		{BD513FBF-6225-4193-8DD0-F194D098D0D2}.Debug|Any CPU.ActiveCfg = Debug|Any CPU
		{BD513FBF-6225-4193-8DD0-F194D098D0D2}.Debug|Any CPU.Build.0 = Debug|Any CPU
		{BD513FBF-6225-4193-8DD0-F194D098D0D2}.Release|Any CPU.ActiveCfg = Release|Any CPU
		{BD513FBF-6225-4193-8DD0-F194D098D0D2}.Release|Any CPU.Build.0 = Release|Any CPU
		{A31F9444-2005-40C5-B161-395E2684A651}.Debug|Any CPU.ActiveCfg = Debug|Any CPU
		{A31F9444-2005-40C5-B161-395E2684A651}.Debug|Any CPU.Build.0 = Debug|Any CPU
		{A31F9444-2005-40C5-B161-395E2684A651}.Release|Any CPU.ActiveCfg = Release|Any CPU
		{A31F9444-2005-40C5-B161-395E2684A651}.Release|Any CPU.Build.0 = Release|Any CPU
		{318B8F9F-E19D-4991-97A1-DDCFDC0576BE}.Debug|Any CPU.ActiveCfg = Debug|Any CPU
		{318B8F9F-E19D-4991-97A1-DDCFDC0576BE}.Debug|Any CPU.Build.0 = Debug|Any CPU
		{318B8F9F-E19D-4991-97A1-DDCFDC0576BE}.Release|Any CPU.ActiveCfg = Release|Any CPU
		{318B8F9F-E19D-4991-97A1-DDCFDC0576BE}.Release|Any CPU.Build.0 = Release|Any CPU
		{0F3E3189-5442-4B98-A718-4C1F350E1E32}.Debug|Any CPU.ActiveCfg = Debug|Any CPU
		{0F3E3189-5442-4B98-A718-4C1F350E1E32}.Debug|Any CPU.Build.0 = Debug|Any CPU
		{0F3E3189-5442-4B98-A718-4C1F350E1E32}.Release|Any CPU.ActiveCfg = Release|Any CPU
		{0F3E3189-5442-4B98-A718-4C1F350E1E32}.Release|Any CPU.Build.0 = Release|Any CPU
		{0F653B55-2AFB-4070-BAAD-6BF2ABB0D1CE}.Debug|Any CPU.ActiveCfg = Debug|Any CPU
		{0F653B55-2AFB-4070-BAAD-6BF2ABB0D1CE}.Debug|Any CPU.Build.0 = Debug|Any CPU
		{0F653B55-2AFB-4070-BAAD-6BF2ABB0D1CE}.Release|Any CPU.ActiveCfg = Release|Any CPU
		{0F653B55-2AFB-4070-BAAD-6BF2ABB0D1CE}.Release|Any CPU.Build.0 = Release|Any CPU
		{09413A1D-9C01-4087-B4F1-F33C9C28C0D2}.Debug|Any CPU.ActiveCfg = Debug|Any CPU
		{09413A1D-9C01-4087-B4F1-F33C9C28C0D2}.Debug|Any CPU.Build.0 = Debug|Any CPU
		{09413A1D-9C01-4087-B4F1-F33C9C28C0D2}.Release|Any CPU.ActiveCfg = Release|Any CPU
		{09413A1D-9C01-4087-B4F1-F33C9C28C0D2}.Release|Any CPU.Build.0 = Release|Any CPU
		{28D9FA53-18BF-47C9-B2DF-531B86511CA2}.Debug|Any CPU.ActiveCfg = Debug|Any CPU
		{28D9FA53-18BF-47C9-B2DF-531B86511CA2}.Debug|Any CPU.Build.0 = Debug|Any CPU
		{28D9FA53-18BF-47C9-B2DF-531B86511CA2}.Release|Any CPU.ActiveCfg = Debug|Any CPU
		{28D9FA53-18BF-47C9-B2DF-531B86511CA2}.Release|Any CPU.Build.0 = Debug|Any CPU
		{40D3F4D5-8BE9-4917-9DBA-1950BA783BFD}.Debug|Any CPU.ActiveCfg = Debug|Any CPU
		{40D3F4D5-8BE9-4917-9DBA-1950BA783BFD}.Debug|Any CPU.Build.0 = Debug|Any CPU
		{40D3F4D5-8BE9-4917-9DBA-1950BA783BFD}.Release|Any CPU.ActiveCfg = Debug|Any CPU
		{40D3F4D5-8BE9-4917-9DBA-1950BA783BFD}.Release|Any CPU.Build.0 = Debug|Any CPU
		{A66BB37D-2F71-404E-84A8-1E0FB1AD8493}.Debug|Any CPU.ActiveCfg = Debug|Any CPU
		{A66BB37D-2F71-404E-84A8-1E0FB1AD8493}.Debug|Any CPU.Build.0 = Debug|Any CPU
		{A66BB37D-2F71-404E-84A8-1E0FB1AD8493}.Release|Any CPU.ActiveCfg = Release|Any CPU
		{A66BB37D-2F71-404E-84A8-1E0FB1AD8493}.Release|Any CPU.Build.0 = Release|Any CPU
		{456042AD-1631-4A89-AE30-D9EC4AD794CD}.Debug|Any CPU.ActiveCfg = Debug|Any CPU
		{456042AD-1631-4A89-AE30-D9EC4AD794CD}.Debug|Any CPU.Build.0 = Debug|Any CPU
		{456042AD-1631-4A89-AE30-D9EC4AD794CD}.Release|Any CPU.ActiveCfg = Release|Any CPU
		{456042AD-1631-4A89-AE30-D9EC4AD794CD}.Release|Any CPU.Build.0 = Release|Any CPU
		{4850E1C0-5A3A-4020-B8B9-AB1EAA4A6E4E}.Debug|Any CPU.ActiveCfg = Debug|Any CPU
		{4850E1C0-5A3A-4020-B8B9-AB1EAA4A6E4E}.Debug|Any CPU.Build.0 = Debug|Any CPU
		{4850E1C0-5A3A-4020-B8B9-AB1EAA4A6E4E}.Release|Any CPU.ActiveCfg = Release|Any CPU
		{4850E1C0-5A3A-4020-B8B9-AB1EAA4A6E4E}.Release|Any CPU.Build.0 = Release|Any CPU
		{53E26EB3-B626-494B-A7C0-FC92EBFE0A6B}.Debug|Any CPU.ActiveCfg = Debug|Any CPU
		{53E26EB3-B626-494B-A7C0-FC92EBFE0A6B}.Debug|Any CPU.Build.0 = Debug|Any CPU
		{53E26EB3-B626-494B-A7C0-FC92EBFE0A6B}.Release|Any CPU.ActiveCfg = Release|Any CPU
		{53E26EB3-B626-494B-A7C0-FC92EBFE0A6B}.Release|Any CPU.Build.0 = Release|Any CPU
		{A52D20B6-F47E-43CA-AE7B-1A4B818DA17D}.Debug|Any CPU.ActiveCfg = Debug|Any CPU
		{A52D20B6-F47E-43CA-AE7B-1A4B818DA17D}.Debug|Any CPU.Build.0 = Debug|Any CPU
		{A52D20B6-F47E-43CA-AE7B-1A4B818DA17D}.Release|Any CPU.ActiveCfg = Release|Any CPU
		{A52D20B6-F47E-43CA-AE7B-1A4B818DA17D}.Release|Any CPU.Build.0 = Release|Any CPU
		{2280029C-AD42-41A1-A50A-88E76DD164EC}.Debug|Any CPU.ActiveCfg = Debug|Any CPU
		{2280029C-AD42-41A1-A50A-88E76DD164EC}.Debug|Any CPU.Build.0 = Debug|Any CPU
		{2280029C-AD42-41A1-A50A-88E76DD164EC}.Release|Any CPU.ActiveCfg = Release|Any CPU
		{2280029C-AD42-41A1-A50A-88E76DD164EC}.Release|Any CPU.Build.0 = Release|Any CPU
		{25F98660-33C9-4A81-8C13-B984BFC44267}.Debug|Any CPU.ActiveCfg = Debug|Any CPU
		{25F98660-33C9-4A81-8C13-B984BFC44267}.Debug|Any CPU.Build.0 = Debug|Any CPU
		{25F98660-33C9-4A81-8C13-B984BFC44267}.Release|Any CPU.ActiveCfg = Release|Any CPU
		{25F98660-33C9-4A81-8C13-B984BFC44267}.Release|Any CPU.Build.0 = Release|Any CPU
		{88B0F491-327A-405E-8881-C5C35A07028B}.Debug|Any CPU.ActiveCfg = Debug|Any CPU
		{88B0F491-327A-405E-8881-C5C35A07028B}.Debug|Any CPU.Build.0 = Debug|Any CPU
		{88B0F491-327A-405E-8881-C5C35A07028B}.Release|Any CPU.ActiveCfg = Release|Any CPU
		{88B0F491-327A-405E-8881-C5C35A07028B}.Release|Any CPU.Build.0 = Release|Any CPU
	EndGlobalSection
	GlobalSection(SolutionProperties) = preSolution
		HideSolutionNode = FALSE
	EndGlobalSection
EndGlobal
